
Microsoft Visual Studio Solution File, Format Version 12.00
# Visual Studio Version 17
VisualStudioVersion = 17.0.32014.148
MinimumVisualStudioVersion = 10.0.40219.1
Project("{9A19103F-16F7-4668-BE54-9A1E7A4F7556}") = "PunkApiNet", "src\PunkApiNet\PunkApiNet.csproj", "{E2B95795-261C-4E4D-88D2-83C424566264}"
EndProject
Project("{9A19103F-16F7-4668-BE54-9A1E7A4F7556}") = "PunkApiNet.Tests", "test\PunkApiNet.Tests\PunkApiNet.Tests.csproj", "{0B0F5ED7-AD7E-49D4-B8DB-169251A1C2BD}"
EndProject
Project("{2150E333-8FDC-42A3-9474-1A3956D46DE8}") = "Solution Items", "Solution Items", "{61002D04-B6CB-435B-8906-E89F4B447914}"
	ProjectSection(SolutionItems) = preProject
		README.md = README.md
	EndProjectSection
EndProject
Project("{FAE04EC0-301F-11D3-BF4B-00C04F79EFBC}") = "PunkApiNetDemo", "demo\PunkApiNetDemo\PunkApiNetDemo.csproj", "{657237B3-FA68-4456-8CDB-43FE8D2D98CA}"
EndProject
Global
	GlobalSection(SolutionConfigurationPlatforms) = preSolution
		Debug|Any CPU = Debug|Any CPU
		Release|Any CPU = Release|Any CPU
	EndGlobalSection
	GlobalSection(ProjectConfigurationPlatforms) = postSolution
		{E2B95795-261C-4E4D-88D2-83C424566264}.Debug|Any CPU.ActiveCfg = Debug|Any CPU
		{E2B95795-261C-4E4D-88D2-83C424566264}.Debug|Any CPU.Build.0 = Debug|Any CPU
		{E2B95795-261C-4E4D-88D2-83C424566264}.Release|Any CPU.ActiveCfg = Release|Any CPU
		{E2B95795-261C-4E4D-88D2-83C424566264}.Release|Any CPU.Build.0 = Release|Any CPU
		{0B0F5ED7-AD7E-49D4-B8DB-169251A1C2BD}.Debug|Any CPU.ActiveCfg = Debug|Any CPU
		{0B0F5ED7-AD7E-49D4-B8DB-169251A1C2BD}.Debug|Any CPU.Build.0 = Debug|Any CPU
		{0B0F5ED7-AD7E-49D4-B8DB-169251A1C2BD}.Release|Any CPU.ActiveCfg = Release|Any CPU
		{0B0F5ED7-AD7E-49D4-B8DB-169251A1C2BD}.Release|Any CPU.Build.0 = Release|Any CPU
		{657237B3-FA68-4456-8CDB-43FE8D2D98CA}.Debug|Any CPU.ActiveCfg = Debug|Any CPU
		{657237B3-FA68-4456-8CDB-43FE8D2D98CA}.Debug|Any CPU.Build.0 = Debug|Any CPU
		{657237B3-FA68-4456-8CDB-43FE8D2D98CA}.Release|Any CPU.ActiveCfg = Release|Any CPU
		{657237B3-FA68-4456-8CDB-43FE8D2D98CA}.Release|Any CPU.Build.0 = Release|Any CPU
	EndGlobalSection
	GlobalSection(SolutionProperties) = preSolution
		HideSolutionNode = FALSE
	EndGlobalSection
	GlobalSection(ExtensibilityGlobals) = postSolution
		SolutionGuid = {2D8153EA-E3C9-4FC7-BC37-986CDF9298C0}
	EndGlobalSection
EndGlobal
